
Microsoft Visual Studio Solution File, Format Version 12.00
# Visual Studio Version 16
VisualStudioVersion = 16.0.30503.244
MinimumVisualStudioVersion = 10.0.40219.1
Project("{FAE04EC0-301F-11D3-BF4B-00C04F79EFBC}") = "Atelier2 Chaine de Caracteres", "Atelier2 Chaine de Caracteres\Atelier2 Chaine de Caracteres.csproj", "{E0830EE7-3A33-492F-A445-CE047AF32CBC}"
EndProject
Global
	GlobalSection(SolutionConfigurationPlatforms) = preSolution
		Debug|Any CPU = Debug|Any CPU
		Release|Any CPU = Release|Any CPU
	EndGlobalSection
	GlobalSection(ProjectConfigurationPlatforms) = postSolution
		{E0830EE7-3A33-492F-A445-CE047AF32CBC}.Debug|Any CPU.ActiveCfg = Debug|Any CPU
		{E0830EE7-3A33-492F-A445-CE047AF32CBC}.Debug|Any CPU.Build.0 = Debug|Any CPU
		{E0830EE7-3A33-492F-A445-CE047AF32CBC}.Release|Any CPU.ActiveCfg = Release|Any CPU
		{E0830EE7-3A33-492F-A445-CE047AF32CBC}.Release|Any CPU.Build.0 = Release|Any CPU
	EndGlobalSection
	GlobalSection(SolutionProperties) = preSolution
		HideSolutionNode = FALSE
	EndGlobalSection
	GlobalSection(ExtensibilityGlobals) = postSolution
		SolutionGuid = {67A32479-53D9-4263-819F-3F8C3E775984}
	EndGlobalSection
EndGlobal
